
Microsoft Visual Studio Solution File, Format Version 12.00
# Visual Studio for Mac
Project("{FAE04EC0-301F-11D3-BF4B-00C04F79EFBC}") = "保卫萝卜Demo2刷.Plugins", "保卫萝卜Demo2刷.Plugins.csproj", "{2D20912B-421B-770B-C89E-478599FBFE36}"
EndProject
Project("{FAE04EC0-301F-11D3-BF4B-00C04F79EFBC}") = "保卫萝卜Demo2刷", "保卫萝卜Demo2刷.csproj", "{2985CA24-4AB4-E5B0-8BA9-8AB55782C1D6}"
EndProject
Project("{FAE04EC0-301F-11D3-BF4B-00C04F79EFBC}") = "保卫萝卜Demo2刷.Editor", "保卫萝卜Demo2刷.Editor.csproj", "{08164834-3C6F-FF84-A2B1-3E7EBA7D48DE}"
EndProject
Global
	GlobalSection(SolutionConfigurationPlatforms) = preSolution
		Debug|Any CPU = Debug|Any CPU
		Release|Any CPU = Release|Any CPU
	EndGlobalSection
	GlobalSection(ProjectConfigurationPlatforms) = postSolution
		{2D20912B-421B-770B-C89E-478599FBFE36}.Debug|Any CPU.ActiveCfg = Debug|Any CPU
		{2D20912B-421B-770B-C89E-478599FBFE36}.Debug|Any CPU.Build.0 = Debug|Any CPU
		{2D20912B-421B-770B-C89E-478599FBFE36}.Release|Any CPU.ActiveCfg = Release|Any CPU
		{2D20912B-421B-770B-C89E-478599FBFE36}.Release|Any CPU.Build.0 = Release|Any CPU
		{2985CA24-4AB4-E5B0-8BA9-8AB55782C1D6}.Debug|Any CPU.ActiveCfg = Debug|Any CPU
		{2985CA24-4AB4-E5B0-8BA9-8AB55782C1D6}.Debug|Any CPU.Build.0 = Debug|Any CPU
		{2985CA24-4AB4-E5B0-8BA9-8AB55782C1D6}.Release|Any CPU.ActiveCfg = Release|Any CPU
		{2985CA24-4AB4-E5B0-8BA9-8AB55782C1D6}.Release|Any CPU.Build.0 = Release|Any CPU
		{08164834-3C6F-FF84-A2B1-3E7EBA7D48DE}.Debug|Any CPU.ActiveCfg = Debug|Any CPU
		{08164834-3C6F-FF84-A2B1-3E7EBA7D48DE}.Debug|Any CPU.Build.0 = Debug|Any CPU
		{08164834-3C6F-FF84-A2B1-3E7EBA7D48DE}.Release|Any CPU.ActiveCfg = Release|Any CPU
		{08164834-3C6F-FF84-A2B1-3E7EBA7D48DE}.Release|Any CPU.Build.0 = Release|Any CPU
	EndGlobalSection
	GlobalSection(SolutionProperties) = preSolution
		HideSolutionNode = FALSE
	EndGlobalSection
EndGlobal
