
Microsoft Visual Studio Solution File, Format Version 12.00
# Visual Studio for Mac
Project("{FAE04EC0-301F-11D3-BF4B-00C04F79EFBC}") = "保卫萝卜demo.Plugins", "保卫萝卜demo.Plugins.csproj", "{C706AC49-DEB4-A4F0-FA1D-7498B98C1D36}"
EndProject
Project("{FAE04EC0-301F-11D3-BF4B-00C04F79EFBC}") = "保卫萝卜demo", "保卫萝卜demo.csproj", "{18F17996-896F-6541-E0B9-0D60DB2283B7}"
EndProject
Global
	GlobalSection(SolutionConfigurationPlatforms) = preSolution
		Debug|Any CPU = Debug|Any CPU
		Release|Any CPU = Release|Any CPU
	EndGlobalSection
	GlobalSection(ProjectConfigurationPlatforms) = postSolution
		{C706AC49-DEB4-A4F0-FA1D-7498B98C1D36}.Debug|Any CPU.ActiveCfg = Debug|Any CPU
		{C706AC49-DEB4-A4F0-FA1D-7498B98C1D36}.Debug|Any CPU.Build.0 = Debug|Any CPU
		{C706AC49-DEB4-A4F0-FA1D-7498B98C1D36}.Release|Any CPU.ActiveCfg = Release|Any CPU
		{C706AC49-DEB4-A4F0-FA1D-7498B98C1D36}.Release|Any CPU.Build.0 = Release|Any CPU
		{18F17996-896F-6541-E0B9-0D60DB2283B7}.Debug|Any CPU.ActiveCfg = Debug|Any CPU
		{18F17996-896F-6541-E0B9-0D60DB2283B7}.Debug|Any CPU.Build.0 = Debug|Any CPU
		{18F17996-896F-6541-E0B9-0D60DB2283B7}.Release|Any CPU.ActiveCfg = Release|Any CPU
		{18F17996-896F-6541-E0B9-0D60DB2283B7}.Release|Any CPU.Build.0 = Release|Any CPU
	EndGlobalSection
	GlobalSection(SolutionProperties) = preSolution
		HideSolutionNode = FALSE
	EndGlobalSection
EndGlobal
